
Microsoft Visual Studio Solution File, Format Version 12.00
# Visual Studio Version 17
VisualStudioVersion = 17.3.32901.215
MinimumVisualStudioVersion = 10.0.40219.1
Project("{9A19103F-16F7-4668-BE54-9A1E7A4F7556}") = "DalFacade", "DalFacade\DalFacade.csproj", "{1B1369BC-55FC-4292-8C18-9FAB274FA646}"
EndProject
Project("{9A19103F-16F7-4668-BE54-9A1E7A4F7556}") = "BL", "BL\BL.csproj", "{5A68F530-C067-4720-9D67-4BF9E9C9A142}"
	ProjectSection(ProjectDependencies) = postProject
		{18431095-0968-4EF2-B9C6-7DA05BCB26A8} = {18431095-0968-4EF2-B9C6-7DA05BCB26A8}
		{EA0E154C-726F-43F3-B3E0-7C16C250198D} = {EA0E154C-726F-43F3-B3E0-7C16C250198D}
	EndProjectSection
EndProject
Project("{9A19103F-16F7-4668-BE54-9A1E7A4F7556}") = "DalList", "DalList\DalList.csproj", "{2CC146BD-4C55-4835-BE72-676CD4CF3B60}"
EndProject
Project("{9A19103F-16F7-4668-BE54-9A1E7A4F7556}") = "DalTest", "DalTest\DalTest.csproj", "{08CFFD66-16D3-4645-BBB0-E035BFB4C64C}"
	ProjectSection(ProjectDependencies) = postProject
		{18431095-0968-4EF2-B9C6-7DA05BCB26A8} = {18431095-0968-4EF2-B9C6-7DA05BCB26A8}
		{EA0E154C-726F-43F3-B3E0-7C16C250198D} = {EA0E154C-726F-43F3-B3E0-7C16C250198D}
	EndProjectSection
EndProject
Project("{9A19103F-16F7-4668-BE54-9A1E7A4F7556}") = "BlTest", "BlTest\BlTest.csproj", "{7860C31B-63A8-438F-8FF3-AF72DE8E82D3}"
EndProject
Project("{9A19103F-16F7-4668-BE54-9A1E7A4F7556}") = "PL", "PL\PL.csproj", "{9F0B8936-0E69-4E63-902B-7F862E2AF9C3}"
EndProject
Project("{9A19103F-16F7-4668-BE54-9A1E7A4F7556}") = "stage0", "stage0\stage0.csproj", "{C77E509A-6AB2-42CA-80DB-D3D65117FBE3}"
EndProject
Project("{2150E333-8FDC-42A3-9474-1A3956D46DE8}") = "xml", "xml", "{9CBF9143-CAB5-48DC-8A92-CB6C0A1E9950}"
	ProjectSection(SolutionItems) = preProject
		xml\dal-config.xml = xml\dal-config.xml
	EndProjectSection
EndProject
Project("{9A19103F-16F7-4668-BE54-9A1E7A4F7556}") = "DalXmlTry", "DalXml\DalXmlTry.csproj", "{EA0E154C-726F-43F3-B3E0-7C16C250198D}"
EndProject
Project("{9A19103F-16F7-4668-BE54-9A1E7A4F7556}") = "InitializeData2", "InitializeData\InitializeData2.csproj", "{F001444C-C557-4D5F-9BFD-622CE07D4CCA}"
EndProject
Project("{9A19103F-16F7-4668-BE54-9A1E7A4F7556}") = "InitializeDataProject", "InitializeDataProject\InitializeDataProject.csproj", "{4A31ADD8-EC31-46C9-B74C-512E50F0B4B8}"
EndProject
Project("{9A19103F-16F7-4668-BE54-9A1E7A4F7556}") = "DalXml", "DalXml\DalXml.csproj", "{18431095-0968-4EF2-B9C6-7DA05BCB26A8}"
EndProject
Project("{FAE04EC0-301F-11D3-BF4B-00C04F79EFBC}") = "Simulator", "Simulator\Simulator.csproj", "{47079378-9172-4E44-8BFA-BF8CC7B52DE8}"
EndProject
Global
	GlobalSection(SolutionConfigurationPlatforms) = preSolution
		Debug|Any CPU = Debug|Any CPU
		Release|Any CPU = Release|Any CPU
	EndGlobalSection
	GlobalSection(ProjectConfigurationPlatforms) = postSolution
		{1B1369BC-55FC-4292-8C18-9FAB274FA646}.Debug|Any CPU.ActiveCfg = Debug|Any CPU
		{1B1369BC-55FC-4292-8C18-9FAB274FA646}.Debug|Any CPU.Build.0 = Debug|Any CPU
		{1B1369BC-55FC-4292-8C18-9FAB274FA646}.Release|Any CPU.ActiveCfg = Release|Any CPU
		{1B1369BC-55FC-4292-8C18-9FAB274FA646}.Release|Any CPU.Build.0 = Release|Any CPU
		{5A68F530-C067-4720-9D67-4BF9E9C9A142}.Debug|Any CPU.ActiveCfg = Debug|Any CPU
		{5A68F530-C067-4720-9D67-4BF9E9C9A142}.Debug|Any CPU.Build.0 = Debug|Any CPU
		{5A68F530-C067-4720-9D67-4BF9E9C9A142}.Release|Any CPU.ActiveCfg = Release|Any CPU
		{5A68F530-C067-4720-9D67-4BF9E9C9A142}.Release|Any CPU.Build.0 = Release|Any CPU
		{2CC146BD-4C55-4835-BE72-676CD4CF3B60}.Debug|Any CPU.ActiveCfg = Debug|Any CPU
		{2CC146BD-4C55-4835-BE72-676CD4CF3B60}.Debug|Any CPU.Build.0 = Debug|Any CPU
		{2CC146BD-4C55-4835-BE72-676CD4CF3B60}.Release|Any CPU.ActiveCfg = Release|Any CPU
		{2CC146BD-4C55-4835-BE72-676CD4CF3B60}.Release|Any CPU.Build.0 = Release|Any CPU
		{08CFFD66-16D3-4645-BBB0-E035BFB4C64C}.Debug|Any CPU.ActiveCfg = Debug|Any CPU
		{08CFFD66-16D3-4645-BBB0-E035BFB4C64C}.Debug|Any CPU.Build.0 = Debug|Any CPU
		{08CFFD66-16D3-4645-BBB0-E035BFB4C64C}.Release|Any CPU.ActiveCfg = Release|Any CPU
		{08CFFD66-16D3-4645-BBB0-E035BFB4C64C}.Release|Any CPU.Build.0 = Release|Any CPU
		{7860C31B-63A8-438F-8FF3-AF72DE8E82D3}.Debug|Any CPU.ActiveCfg = Debug|Any CPU
		{7860C31B-63A8-438F-8FF3-AF72DE8E82D3}.Debug|Any CPU.Build.0 = Debug|Any CPU
		{7860C31B-63A8-438F-8FF3-AF72DE8E82D3}.Release|Any CPU.ActiveCfg = Release|Any CPU
		{7860C31B-63A8-438F-8FF3-AF72DE8E82D3}.Release|Any CPU.Build.0 = Release|Any CPU
		{9F0B8936-0E69-4E63-902B-7F862E2AF9C3}.Debug|Any CPU.ActiveCfg = Debug|Any CPU
		{9F0B8936-0E69-4E63-902B-7F862E2AF9C3}.Debug|Any CPU.Build.0 = Debug|Any CPU
		{9F0B8936-0E69-4E63-902B-7F862E2AF9C3}.Release|Any CPU.ActiveCfg = Release|Any CPU
		{9F0B8936-0E69-4E63-902B-7F862E2AF9C3}.Release|Any CPU.Build.0 = Release|Any CPU
		{C77E509A-6AB2-42CA-80DB-D3D65117FBE3}.Debug|Any CPU.ActiveCfg = Debug|Any CPU
		{C77E509A-6AB2-42CA-80DB-D3D65117FBE3}.Debug|Any CPU.Build.0 = Debug|Any CPU
		{C77E509A-6AB2-42CA-80DB-D3D65117FBE3}.Release|Any CPU.ActiveCfg = Release|Any CPU
		{C77E509A-6AB2-42CA-80DB-D3D65117FBE3}.Release|Any CPU.Build.0 = Release|Any CPU
		{EA0E154C-726F-43F3-B3E0-7C16C250198D}.Debug|Any CPU.ActiveCfg = Debug|Any CPU
		{EA0E154C-726F-43F3-B3E0-7C16C250198D}.Debug|Any CPU.Build.0 = Debug|Any CPU
		{EA0E154C-726F-43F3-B3E0-7C16C250198D}.Release|Any CPU.ActiveCfg = Release|Any CPU
		{EA0E154C-726F-43F3-B3E0-7C16C250198D}.Release|Any CPU.Build.0 = Release|Any CPU
		{F001444C-C557-4D5F-9BFD-622CE07D4CCA}.Debug|Any CPU.ActiveCfg = Debug|Any CPU
		{F001444C-C557-4D5F-9BFD-622CE07D4CCA}.Debug|Any CPU.Build.0 = Debug|Any CPU
		{F001444C-C557-4D5F-9BFD-622CE07D4CCA}.Release|Any CPU.ActiveCfg = Release|Any CPU
		{F001444C-C557-4D5F-9BFD-622CE07D4CCA}.Release|Any CPU.Build.0 = Release|Any CPU
		{4A31ADD8-EC31-46C9-B74C-512E50F0B4B8}.Debug|Any CPU.ActiveCfg = Debug|Any CPU
		{4A31ADD8-EC31-46C9-B74C-512E50F0B4B8}.Debug|Any CPU.Build.0 = Debug|Any CPU
		{4A31ADD8-EC31-46C9-B74C-512E50F0B4B8}.Release|Any CPU.ActiveCfg = Release|Any CPU
		{4A31ADD8-EC31-46C9-B74C-512E50F0B4B8}.Release|Any CPU.Build.0 = Release|Any CPU
		{18431095-0968-4EF2-B9C6-7DA05BCB26A8}.Debug|Any CPU.ActiveCfg = Debug|Any CPU
		{18431095-0968-4EF2-B9C6-7DA05BCB26A8}.Debug|Any CPU.Build.0 = Debug|Any CPU
		{18431095-0968-4EF2-B9C6-7DA05BCB26A8}.Release|Any CPU.ActiveCfg = Release|Any CPU
		{18431095-0968-4EF2-B9C6-7DA05BCB26A8}.Release|Any CPU.Build.0 = Release|Any CPU
		{47079378-9172-4E44-8BFA-BF8CC7B52DE8}.Debug|Any CPU.ActiveCfg = Debug|Any CPU
		{47079378-9172-4E44-8BFA-BF8CC7B52DE8}.Debug|Any CPU.Build.0 = Debug|Any CPU
		{47079378-9172-4E44-8BFA-BF8CC7B52DE8}.Release|Any CPU.ActiveCfg = Release|Any CPU
		{47079378-9172-4E44-8BFA-BF8CC7B52DE8}.Release|Any CPU.Build.0 = Release|Any CPU
	EndGlobalSection
	GlobalSection(SolutionProperties) = preSolution
		HideSolutionNode = FALSE
	EndGlobalSection
	GlobalSection(ExtensibilityGlobals) = postSolution
		SolutionGuid = {4DB62D07-3312-4B84-B453-2B0B8184CA5A}
	EndGlobalSection
EndGlobal
