
Microsoft Visual Studio Solution File, Format Version 12.00
# Visual Studio Version 17
VisualStudioVersion = 17.3.32901.215
MinimumVisualStudioVersion = 10.0.40219.1
Project("{9A19103F-16F7-4668-BE54-9A1E7A4F7556}") = "ConsoleApp1", "ConsoleApp1\ConsoleApp1.csproj", "{A02B6821-A2CB-4ECA-BC21-B2304A8DCBCB}"
EndProject
Project("{9A19103F-16F7-4668-BE54-9A1E7A4F7556}") = "DalFacade", "DalFacade\DalFacade.csproj", "{1B1369BC-55FC-4292-8C18-9FAB274FA646}"
EndProject
Project("{9A19103F-16F7-4668-BE54-9A1E7A4F7556}") = "BL", "BL\BL.csproj", "{5A68F530-C067-4720-9D67-4BF9E9C9A142}"
EndProject
Project("{9A19103F-16F7-4668-BE54-9A1E7A4F7556}") = "DalList", "DalList\DalList.csproj", "{2CC146BD-4C55-4835-BE72-676CD4CF3B60}"
EndProject
Project("{9A19103F-16F7-4668-BE54-9A1E7A4F7556}") = "DalTest", "DalTest\DalTest.csproj", "{08CFFD66-16D3-4645-BBB0-E035BFB4C64C}"
EndProject
Project("{FAE04EC0-301F-11D3-BF4B-00C04F79EFBC}") = "BlTest", "BlTest\BlTest.csproj", "{7860C31B-63A8-438F-8FF3-AF72DE8E82D3}"
EndProject
Project("{FAE04EC0-301F-11D3-BF4B-00C04F79EFBC}") = "PL", "PL\PL.csproj", "{9F0B8936-0E69-4E63-902B-7F862E2AF9C3}"
EndProject
Global
	GlobalSection(SolutionConfigurationPlatforms) = preSolution
		Debug|Any CPU = Debug|Any CPU
		Release|Any CPU = Release|Any CPU
	EndGlobalSection
	GlobalSection(ProjectConfigurationPlatforms) = postSolution
		{A02B6821-A2CB-4ECA-BC21-B2304A8DCBCB}.Debug|Any CPU.ActiveCfg = Debug|Any CPU
		{A02B6821-A2CB-4ECA-BC21-B2304A8DCBCB}.Debug|Any CPU.Build.0 = Debug|Any CPU
		{A02B6821-A2CB-4ECA-BC21-B2304A8DCBCB}.Release|Any CPU.ActiveCfg = Release|Any CPU
		{A02B6821-A2CB-4ECA-BC21-B2304A8DCBCB}.Release|Any CPU.Build.0 = Release|Any CPU
		{1B1369BC-55FC-4292-8C18-9FAB274FA646}.Debug|Any CPU.ActiveCfg = Debug|Any CPU
		{1B1369BC-55FC-4292-8C18-9FAB274FA646}.Debug|Any CPU.Build.0 = Debug|Any CPU
		{1B1369BC-55FC-4292-8C18-9FAB274FA646}.Release|Any CPU.ActiveCfg = Release|Any CPU
		{1B1369BC-55FC-4292-8C18-9FAB274FA646}.Release|Any CPU.Build.0 = Release|Any CPU
		{5A68F530-C067-4720-9D67-4BF9E9C9A142}.Debug|Any CPU.ActiveCfg = Debug|Any CPU
		{5A68F530-C067-4720-9D67-4BF9E9C9A142}.Debug|Any CPU.Build.0 = Debug|Any CPU
		{5A68F530-C067-4720-9D67-4BF9E9C9A142}.Release|Any CPU.ActiveCfg = Release|Any CPU
		{5A68F530-C067-4720-9D67-4BF9E9C9A142}.Release|Any CPU.Build.0 = Release|Any CPU
		{2CC146BD-4C55-4835-BE72-676CD4CF3B60}.Debug|Any CPU.ActiveCfg = Debug|Any CPU
		{2CC146BD-4C55-4835-BE72-676CD4CF3B60}.Debug|Any CPU.Build.0 = Debug|Any CPU
		{2CC146BD-4C55-4835-BE72-676CD4CF3B60}.Release|Any CPU.ActiveCfg = Release|Any CPU
		{2CC146BD-4C55-4835-BE72-676CD4CF3B60}.Release|Any CPU.Build.0 = Release|Any CPU
		{08CFFD66-16D3-4645-BBB0-E035BFB4C64C}.Debug|Any CPU.ActiveCfg = Debug|Any CPU
		{08CFFD66-16D3-4645-BBB0-E035BFB4C64C}.Debug|Any CPU.Build.0 = Debug|Any CPU
		{08CFFD66-16D3-4645-BBB0-E035BFB4C64C}.Release|Any CPU.ActiveCfg = Release|Any CPU
		{08CFFD66-16D3-4645-BBB0-E035BFB4C64C}.Release|Any CPU.Build.0 = Release|Any CPU
		{7860C31B-63A8-438F-8FF3-AF72DE8E82D3}.Debug|Any CPU.ActiveCfg = Debug|Any CPU
		{7860C31B-63A8-438F-8FF3-AF72DE8E82D3}.Debug|Any CPU.Build.0 = Debug|Any CPU
		{7860C31B-63A8-438F-8FF3-AF72DE8E82D3}.Release|Any CPU.ActiveCfg = Release|Any CPU
		{7860C31B-63A8-438F-8FF3-AF72DE8E82D3}.Release|Any CPU.Build.0 = Release|Any CPU
		{9F0B8936-0E69-4E63-902B-7F862E2AF9C3}.Debug|Any CPU.ActiveCfg = Debug|Any CPU
		{9F0B8936-0E69-4E63-902B-7F862E2AF9C3}.Debug|Any CPU.Build.0 = Debug|Any CPU
		{9F0B8936-0E69-4E63-902B-7F862E2AF9C3}.Release|Any CPU.ActiveCfg = Release|Any CPU
		{9F0B8936-0E69-4E63-902B-7F862E2AF9C3}.Release|Any CPU.Build.0 = Release|Any CPU
	EndGlobalSection
	GlobalSection(SolutionProperties) = preSolution
		HideSolutionNode = FALSE
	EndGlobalSection
	GlobalSection(ExtensibilityGlobals) = postSolution
		SolutionGuid = {4DB62D07-3312-4B84-B453-2B0B8184CA5A}
	EndGlobalSection
EndGlobal
