
Microsoft Visual Studio Solution File, Format Version 12.00
# Visual Studio Version 17
VisualStudioVersion = 17.3.32901.215
MinimumVisualStudioVersion = 10.0.40219.1
Project("{9A19103F-16F7-4668-BE54-9A1E7A4F7556}") = "BlTest", "BlTest\BlTest.csproj", "{D6128E52-F734-4145-8755-335D5F274C0E}"
EndProject
Project("{FAE04EC0-301F-11D3-BF4B-00C04F79EFBC}") = "BL", "..\BL\BL.csproj", "{82BC2D5C-2970-408A-ADDC-C61B6DD01068}"
EndProject
Project("{9A19103F-16F7-4668-BE54-9A1E7A4F7556}") = "DalFacade", "..\DalFacade\DalFacade\DalFacade.csproj", "{1E4C7F0E-0F6F-48D3-BFDA-14829C44DB4E}"
EndProject
Project("{9A19103F-16F7-4668-BE54-9A1E7A4F7556}") = "DalList", "..\DalList\DalList\DalList.csproj", "{0FB556C8-6E27-4BA0-97E8-01D784EF84BD}"
EndProject
Project("{9A19103F-16F7-4668-BE54-9A1E7A4F7556}") = "DalTest", "..\DalTest\DalTest\DalTest.csproj", "{29FEDDD3-0ED8-482C-A39E-14BBB1651D7A}"
EndProject
Global
	GlobalSection(SolutionConfigurationPlatforms) = preSolution
		Debug|Any CPU = Debug|Any CPU
		Release|Any CPU = Release|Any CPU
	EndGlobalSection
	GlobalSection(ProjectConfigurationPlatforms) = postSolution
		{D6128E52-F734-4145-8755-335D5F274C0E}.Debug|Any CPU.ActiveCfg = Debug|Any CPU
		{D6128E52-F734-4145-8755-335D5F274C0E}.Debug|Any CPU.Build.0 = Debug|Any CPU
		{D6128E52-F734-4145-8755-335D5F274C0E}.Release|Any CPU.ActiveCfg = Release|Any CPU
		{D6128E52-F734-4145-8755-335D5F274C0E}.Release|Any CPU.Build.0 = Release|Any CPU
		{82BC2D5C-2970-408A-ADDC-C61B6DD01068}.Debug|Any CPU.ActiveCfg = Debug|Any CPU
		{82BC2D5C-2970-408A-ADDC-C61B6DD01068}.Debug|Any CPU.Build.0 = Debug|Any CPU
		{82BC2D5C-2970-408A-ADDC-C61B6DD01068}.Release|Any CPU.ActiveCfg = Release|Any CPU
		{82BC2D5C-2970-408A-ADDC-C61B6DD01068}.Release|Any CPU.Build.0 = Release|Any CPU
		{1E4C7F0E-0F6F-48D3-BFDA-14829C44DB4E}.Debug|Any CPU.ActiveCfg = Debug|Any CPU
		{1E4C7F0E-0F6F-48D3-BFDA-14829C44DB4E}.Debug|Any CPU.Build.0 = Debug|Any CPU
		{1E4C7F0E-0F6F-48D3-BFDA-14829C44DB4E}.Release|Any CPU.ActiveCfg = Release|Any CPU
		{1E4C7F0E-0F6F-48D3-BFDA-14829C44DB4E}.Release|Any CPU.Build.0 = Release|Any CPU
		{0FB556C8-6E27-4BA0-97E8-01D784EF84BD}.Debug|Any CPU.ActiveCfg = Debug|Any CPU
		{0FB556C8-6E27-4BA0-97E8-01D784EF84BD}.Debug|Any CPU.Build.0 = Debug|Any CPU
		{0FB556C8-6E27-4BA0-97E8-01D784EF84BD}.Release|Any CPU.ActiveCfg = Release|Any CPU
		{0FB556C8-6E27-4BA0-97E8-01D784EF84BD}.Release|Any CPU.Build.0 = Release|Any CPU
		{29FEDDD3-0ED8-482C-A39E-14BBB1651D7A}.Debug|Any CPU.ActiveCfg = Debug|Any CPU
		{29FEDDD3-0ED8-482C-A39E-14BBB1651D7A}.Debug|Any CPU.Build.0 = Debug|Any CPU
		{29FEDDD3-0ED8-482C-A39E-14BBB1651D7A}.Release|Any CPU.ActiveCfg = Release|Any CPU
		{29FEDDD3-0ED8-482C-A39E-14BBB1651D7A}.Release|Any CPU.Build.0 = Release|Any CPU
	EndGlobalSection
	GlobalSection(SolutionProperties) = preSolution
		HideSolutionNode = FALSE
	EndGlobalSection
	GlobalSection(ExtensibilityGlobals) = postSolution
		SolutionGuid = {EE5C8EBB-F4B1-496E-851F-A3BEF9551193}
	EndGlobalSection
EndGlobal
